// !$*UTF8*$!
{
	archiveVersion = 1;
	classes = {
	};
	objectVersion = 46;
	objects = {

/* Begin PBXBuildFile section */
		4707995A177C943F0098B2F8 /* UIKit.framework in Frameworks */ = {isa = PBXBuildFile; fileRef = 47079959177C943F0098B2F8 /* UIKit.framework */; };
		4707995C177C943F0098B2F8 /* Foundation.framework in Frameworks */ = {isa = PBXBuildFile; fileRef = 4707995B177C943F0098B2F8 /* Foundation.framework */; };
		4707995E177C943F0098B2F8 /* CoreGraphics.framework in Frameworks */ = {isa = PBXBuildFile; fileRef = 4707995D177C943F0098B2F8 /* CoreGraphics.framework */; };
		47079964177C943F0098B2F8 /* InfoPlist.strings in Resources */ = {isa = PBXBuildFile; fileRef = 47079962177C943F0098B2F8 /* InfoPlist.strings */; };
		47079966177C943F0098B2F8 /* main.m in Sources */ = {isa = PBXBuildFile; fileRef = 47079965177C943F0098B2F8 /* main.m */; };
		4707996A177C94400098B2F8 /* AppDelegate.m in Sources */ = {isa = PBXBuildFile; fileRef = 47079969177C94400098B2F8 /* AppDelegate.m */; };
		4707996C177C94400098B2F8 /* Default.png in Resources */ = {isa = PBXBuildFile; fileRef = 4707996B177C94400098B2F8 /* Default.png */; };
		4707996E177C94400098B2F8 /* Default@2x.png in Resources */ = {isa = PBXBuildFile; fileRef = 4707996D177C94400098B2F8 /* Default@2x.png */; };
		47079970177C94400098B2F8 /* Default-568h@2x.png in Resources */ = {isa = PBXBuildFile; fileRef = 4707996F177C94400098B2F8 /* Default-568h@2x.png */; };
		47079973177C94400098B2F8 /* NearestSongMapListViewController.m in Sources */ = {isa = PBXBuildFile; fileRef = 47079972177C94400098B2F8 /* NearestSongMapListViewController.m */; };
		47079976177C94400098B2F8 /* PlayerViewController.m in Sources */ = {isa = PBXBuildFile; fileRef = 47079975177C94400098B2F8 /* PlayerViewController.m */; };
		4707997C177C94400098B2F8 /* PlayerViewController.xib in Resources */ = {isa = PBXBuildFile; fileRef = 4707997A177C94400098B2F8 /* PlayerViewController.xib */; };
		470799B7177C965E0098B2F8 /* AddressBook.framework in Frameworks */ = {isa = PBXBuildFile; fileRef = 470799B5177C965E0098B2F8 /* AddressBook.framework */; };
		470799B8177C965E0098B2F8 /* AddressBookUI.framework in Frameworks */ = {isa = PBXBuildFile; fileRef = 470799B6177C965E0098B2F8 /* AddressBookUI.framework */; };
		470799BA177C96680098B2F8 /* CoreLocation.framework in Frameworks */ = {isa = PBXBuildFile; fileRef = 470799B9177C96680098B2F8 /* CoreLocation.framework */; };
		470799BC177C966F0098B2F8 /* CoreText.framework in Frameworks */ = {isa = PBXBuildFile; fileRef = 470799BB177C966F0098B2F8 /* CoreText.framework */; };
		470799BE177C96770098B2F8 /* QuartzCore.framework in Frameworks */ = {isa = PBXBuildFile; fileRef = 470799BD177C96770098B2F8 /* QuartzCore.framework */; };
		470799C0177C967D0098B2F8 /* Security.framework in Frameworks */ = {isa = PBXBuildFile; fileRef = 470799BF177C967D0098B2F8 /* Security.framework */; };
		47752C9917818C08000B4F24 /* GoToLibraryHeaderView.m in Sources */ = {isa = PBXBuildFile; fileRef = 47752C8F17818C08000B4F24 /* GoToLibraryHeaderView.m */; };
		47752C9A17818C08000B4F24 /* GoToLibraryHeaderView.xib in Resources */ = {isa = PBXBuildFile; fileRef = 47752C9017818C08000B4F24 /* GoToLibraryHeaderView.xib */; };
		47752C9B17818C08000B4F24 /* Song.m in Sources */ = {isa = PBXBuildFile; fileRef = 47752C9217818C08000B4F24 /* Song.m */; };
		47752C9C17818C08000B4F24 /* SongCell.m in Sources */ = {isa = PBXBuildFile; fileRef = 47752C9417818C08000B4F24 /* SongCell.m */; };
		47752C9D17818C08000B4F24 /* SongCell.xib in Resources */ = {isa = PBXBuildFile; fileRef = 47752C9517818C08000B4F24 /* SongCell.xib */; };
		47752C9E17818C08000B4F24 /* TagFilterViewController.m in Sources */ = {isa = PBXBuildFile; fileRef = 47752C9717818C08000B4F24 /* TagFilterViewController.m */; };
		47752C9F17818C08000B4F24 /* TagFilterViewController.xib in Resources */ = {isa = PBXBuildFile; fileRef = 47752C9817818C08000B4F24 /* TagFilterViewController.xib */; };
		47752CA517818C1E000B4F24 /* NearestSongMapListViewController.xib in Resources */ = {isa = PBXBuildFile; fileRef = 47752CA417818C1E000B4F24 /* NearestSongMapListViewController.xib */; };
		47752CAC17818C57000B4F24 /* likes.png in Resources */ = {isa = PBXBuildFile; fileRef = 47752CA717818C57000B4F24 /* likes.png */; };
		47752CAD17818C57000B4F24 /* play.png in Resources */ = {isa = PBXBuildFile; fileRef = 47752CA817818C57000B4F24 /* play.png */; };
		47752CAE17818C57000B4F24 /* sample.jpg in Resources */ = {isa = PBXBuildFile; fileRef = 47752CA917818C57000B4F24 /* sample.jpg */; };
		47752CAF17818C57000B4F24 /* soundcloud.jpg in Resources */ = {isa = PBXBuildFile; fileRef = 47752CAA17818C57000B4F24 /* soundcloud.jpg */; };
		47752CB017818C57000B4F24 /* soundcloud.png in Resources */ = {isa = PBXBuildFile; fileRef = 47752CAB17818C57000B4F24 /* soundcloud.png */; };
		47752CB71781B521000B4F24 /* AVFoundation.framework in Frameworks */ = {isa = PBXBuildFile; fileRef = 47752CB61781B521000B4F24 /* AVFoundation.framework */; };
		47DF9B5F177C9DF000FBC5C3 /* libJSONKit.a in Frameworks */ = {isa = PBXBuildFile; fileRef = 47DF9B31177C9D7B00FBC5C3 /* libJSONKit.a */; };
		47DF9B60177C9DF000FBC5C3 /* libOAuth2Client.a in Frameworks */ = {isa = PBXBuildFile; fileRef = 47DF9B4E177C9D9400FBC5C3 /* libOAuth2Client.a */; };
		47DF9B61177C9DF000FBC5C3 /* libOHAttributedLabel.a in Frameworks */ = {isa = PBXBuildFile; fileRef = 47DF9B54177C9D9D00FBC5C3 /* libOHAttributedLabel.a */; };
		47DF9B62177C9DF000FBC5C3 /* libSoundCloudAPI.a in Frameworks */ = {isa = PBXBuildFile; fileRef = 47DF9B45177C9D8B00FBC5C3 /* libSoundCloudAPI.a */; };
		47DF9B63177C9DF000FBC5C3 /* libSoundCloudUI.a in Frameworks */ = {isa = PBXBuildFile; fileRef = 47DF9B3A177C9D8200FBC5C3 /* libSoundCloudUI.a */; };
		47DF9B65177C9FA100FBC5C3 /* SoundCloud.bundle in Resources */ = {isa = PBXBuildFile; fileRef = 47DF9B64177C9FA100FBC5C3 /* SoundCloud.bundle */; };
		84D1F2811781A9EE0031D50E /* tags.txt in Resources */ = {isa = PBXBuildFile; fileRef = 84D1F2801781A9EE0031D50E /* tags.txt */; };
/* End PBXBuildFile section */

/* Begin PBXContainerItemProxy section */
		47DF9B30177C9D7B00FBC5C3 /* PBXContainerItemProxy */ = {
			isa = PBXContainerItemProxy;
			containerPortal = 47DF9B2B177C9D7A00FBC5C3 /* JSONKit.xcodeproj */;
			proxyType = 2;
			remoteGlobalIDString = F6803523148F6D22008A51BA;
			remoteInfo = libJSONKit;
		};
		47DF9B32177C9D7B00FBC5C3 /* PBXContainerItemProxy */ = {
			isa = PBXContainerItemProxy;
			containerPortal = 47DF9B2B177C9D7A00FBC5C3 /* JSONKit.xcodeproj */;
			proxyType = 2;
			remoteGlobalIDString = F6AE0202148F825C0004909F;
			remoteInfo = JSONKit.framework;
		};
		47DF9B39177C9D8200FBC5C3 /* PBXContainerItemProxy */ = {
			isa = PBXContainerItemProxy;
			containerPortal = 47DF9B34177C9D8200FBC5C3 /* SoundCloudUI.xcodeproj */;
			proxyType = 2;
			remoteGlobalIDString = F6EF8C6113F929D700B20B40;
			remoteInfo = libSoundCloudUI;
		};
		47DF9B3B177C9D8200FBC5C3 /* PBXContainerItemProxy */ = {
			isa = PBXContainerItemProxy;
			containerPortal = 47DF9B34177C9D8200FBC5C3 /* SoundCloudUI.xcodeproj */;
			proxyType = 2;
			remoteGlobalIDString = F62E0CE5148FB27100BE8F14;
			remoteInfo = SoundCloudUI.framework;
		};
		47DF9B42177C9D8B00FBC5C3 /* PBXContainerItemProxy */ = {
			isa = PBXContainerItemProxy;
			containerPortal = 47DF9B3D177C9D8A00FBC5C3 /* SoundCloudAPI.xcodeproj */;
			proxyType = 2;
			remoteGlobalIDString = 94535F86123FAFDF00BD668A;
			remoteInfo = SoundCloudAPI.framework;
		};
		47DF9B44177C9D8B00FBC5C3 /* PBXContainerItemProxy */ = {
			isa = PBXContainerItemProxy;
			containerPortal = 47DF9B3D177C9D8A00FBC5C3 /* SoundCloudAPI.xcodeproj */;
			proxyType = 2;
			remoteGlobalIDString = D2AAC07E0554694100DB518D;
			remoteInfo = SoundCloudAPI;
		};
		47DF9B4B177C9D9400FBC5C3 /* PBXContainerItemProxy */ = {
			isa = PBXContainerItemProxy;
			containerPortal = 47DF9B46177C9D9300FBC5C3 /* OAuth2Client.xcodeproj */;
			proxyType = 2;
			remoteGlobalIDString = 942FFCD612315E0A00E6C65E;
			remoteInfo = OAuth2Client.framework;
		};
		47DF9B4D177C9D9400FBC5C3 /* PBXContainerItemProxy */ = {
			isa = PBXContainerItemProxy;
			containerPortal = 47DF9B46177C9D9300FBC5C3 /* OAuth2Client.xcodeproj */;
			proxyType = 2;
			remoteGlobalIDString = D2AAC07E0554694100DB518D;
			remoteInfo = OAuth2Client;
		};
		47DF9B53177C9D9D00FBC5C3 /* PBXContainerItemProxy */ = {
			isa = PBXContainerItemProxy;
			containerPortal = 47DF9B4F177C9D9D00FBC5C3 /* OHAttributedLabel.xcodeproj */;
			proxyType = 2;
			remoteGlobalIDString = F62728FA148F70DF00314599;
			remoteInfo = OHAttributedLabel;
		};
		47DF9B55177C9DB300FBC5C3 /* PBXContainerItemProxy */ = {
			isa = PBXContainerItemProxy;
			containerPortal = 47DF9B34177C9D8200FBC5C3 /* SoundCloudUI.xcodeproj */;
			proxyType = 1;
			remoteGlobalIDString = F6EF8C6013F929D700B20B40;
			remoteInfo = libSoundCloudUI;
		};
		47DF9B57177C9DB300FBC5C3 /* PBXContainerItemProxy */ = {
			isa = PBXContainerItemProxy;
			containerPortal = 47DF9B46177C9D9300FBC5C3 /* OAuth2Client.xcodeproj */;
			proxyType = 1;
			remoteGlobalIDString = D2AAC07D0554694100DB518D;
			remoteInfo = OAuth2Client;
		};
		47DF9B59177C9DB300FBC5C3 /* PBXContainerItemProxy */ = {
			isa = PBXContainerItemProxy;
			containerPortal = 47DF9B4F177C9D9D00FBC5C3 /* OHAttributedLabel.xcodeproj */;
			proxyType = 1;
			remoteGlobalIDString = F62728F9148F70DF00314599;
			remoteInfo = OHAttributedLabel;
		};
		47DF9B5B177C9DB300FBC5C3 /* PBXContainerItemProxy */ = {
			isa = PBXContainerItemProxy;
			containerPortal = 47DF9B3D177C9D8A00FBC5C3 /* SoundCloudAPI.xcodeproj */;
			proxyType = 1;
			remoteGlobalIDString = D2AAC07D0554694100DB518D;
			remoteInfo = SoundCloudAPI;
		};
		47DF9B5D177C9DB300FBC5C3 /* PBXContainerItemProxy */ = {
			isa = PBXContainerItemProxy;
			containerPortal = 47DF9B2B177C9D7A00FBC5C3 /* JSONKit.xcodeproj */;
			proxyType = 1;
			remoteGlobalIDString = F6803522148F6D22008A51BA;
			remoteInfo = libJSONKit;
		};
/* End PBXContainerItemProxy section */

/* Begin PBXFileReference section */
		47079956177C943F0098B2F8 /* geomelody.app */ = {isa = PBXFileReference; explicitFileType = wrapper.application; includeInIndex = 0; path = geomelody.app; sourceTree = BUILT_PRODUCTS_DIR; };
		47079959177C943F0098B2F8 /* UIKit.framework */ = {isa = PBXFileReference; lastKnownFileType = wrapper.framework; name = UIKit.framework; path = System/Library/Frameworks/UIKit.framework; sourceTree = SDKROOT; };
		4707995B177C943F0098B2F8 /* Foundation.framework */ = {isa = PBXFileReference; lastKnownFileType = wrapper.framework; name = Foundation.framework; path = System/Library/Frameworks/Foundation.framework; sourceTree = SDKROOT; };
		4707995D177C943F0098B2F8 /* CoreGraphics.framework */ = {isa = PBXFileReference; lastKnownFileType = wrapper.framework; name = CoreGraphics.framework; path = System/Library/Frameworks/CoreGraphics.framework; sourceTree = SDKROOT; };
		47079961177C943F0098B2F8 /* geomelody-Info.plist */ = {isa = PBXFileReference; lastKnownFileType = text.plist.xml; path = "geomelody-Info.plist"; sourceTree = "<group>"; };
		47079963177C943F0098B2F8 /* en */ = {isa = PBXFileReference; lastKnownFileType = text.plist.strings; name = en; path = en.lproj/InfoPlist.strings; sourceTree = "<group>"; };
		47079965177C943F0098B2F8 /* main.m */ = {isa = PBXFileReference; lastKnownFileType = sourcecode.c.objc; path = main.m; sourceTree = "<group>"; };
		47079967177C94400098B2F8 /* geomelody-Prefix.pch */ = {isa = PBXFileReference; lastKnownFileType = sourcecode.c.h; path = "geomelody-Prefix.pch"; sourceTree = "<group>"; };
		47079968177C94400098B2F8 /* AppDelegate.h */ = {isa = PBXFileReference; lastKnownFileType = sourcecode.c.h; path = AppDelegate.h; sourceTree = "<group>"; };
		47079969177C94400098B2F8 /* AppDelegate.m */ = {isa = PBXFileReference; lastKnownFileType = sourcecode.c.objc; path = AppDelegate.m; sourceTree = "<group>"; };
		4707996B177C94400098B2F8 /* Default.png */ = {isa = PBXFileReference; lastKnownFileType = image.png; path = Default.png; sourceTree = "<group>"; };
		4707996D177C94400098B2F8 /* Default@2x.png */ = {isa = PBXFileReference; lastKnownFileType = image.png; path = "Default@2x.png"; sourceTree = "<group>"; };
		4707996F177C94400098B2F8 /* Default-568h@2x.png */ = {isa = PBXFileReference; lastKnownFileType = image.png; path = "Default-568h@2x.png"; sourceTree = "<group>"; };
		47079971177C94400098B2F8 /* NearestSongMapListViewController.h */ = {isa = PBXFileReference; lastKnownFileType = sourcecode.c.h; path = NearestSongMapListViewController.h; sourceTree = "<group>"; };
		47079972177C94400098B2F8 /* NearestSongMapListViewController.m */ = {isa = PBXFileReference; lastKnownFileType = sourcecode.c.objc; path = NearestSongMapListViewController.m; sourceTree = "<group>"; };
		47079974177C94400098B2F8 /* PlayerViewController.h */ = {isa = PBXFileReference; lastKnownFileType = sourcecode.c.h; path = PlayerViewController.h; sourceTree = "<group>"; };
		47079975177C94400098B2F8 /* PlayerViewController.m */ = {isa = PBXFileReference; lastKnownFileType = sourcecode.c.objc; path = PlayerViewController.m; sourceTree = "<group>"; };
		4707997B177C94400098B2F8 /* en */ = {isa = PBXFileReference; lastKnownFileType = file.xib; name = en; path = en.lproj/PlayerViewController.xib; sourceTree = "<group>"; };
		470799B5177C965E0098B2F8 /* AddressBook.framework */ = {isa = PBXFileReference; lastKnownFileType = wrapper.framework; name = AddressBook.framework; path = System/Library/Frameworks/AddressBook.framework; sourceTree = SDKROOT; };
		470799B6177C965E0098B2F8 /* AddressBookUI.framework */ = {isa = PBXFileReference; lastKnownFileType = wrapper.framework; name = AddressBookUI.framework; path = System/Library/Frameworks/AddressBookUI.framework; sourceTree = SDKROOT; };
		470799B9177C96680098B2F8 /* CoreLocation.framework */ = {isa = PBXFileReference; lastKnownFileType = wrapper.framework; name = CoreLocation.framework; path = System/Library/Frameworks/CoreLocation.framework; sourceTree = SDKROOT; };
		470799BB177C966F0098B2F8 /* CoreText.framework */ = {isa = PBXFileReference; lastKnownFileType = wrapper.framework; name = CoreText.framework; path = System/Library/Frameworks/CoreText.framework; sourceTree = SDKROOT; };
		470799BD177C96770098B2F8 /* QuartzCore.framework */ = {isa = PBXFileReference; lastKnownFileType = wrapper.framework; name = QuartzCore.framework; path = System/Library/Frameworks/QuartzCore.framework; sourceTree = SDKROOT; };
		470799BF177C967D0098B2F8 /* Security.framework */ = {isa = PBXFileReference; lastKnownFileType = wrapper.framework; name = Security.framework; path = System/Library/Frameworks/Security.framework; sourceTree = SDKROOT; };
		47752C8E17818C08000B4F24 /* GoToLibraryHeaderView.h */ = {isa = PBXFileReference; fileEncoding = 4; lastKnownFileType = sourcecode.c.h; path = GoToLibraryHeaderView.h; sourceTree = "<group>"; };
		47752C8F17818C08000B4F24 /* GoToLibraryHeaderView.m */ = {isa = PBXFileReference; fileEncoding = 4; lastKnownFileType = sourcecode.c.objc; path = GoToLibraryHeaderView.m; sourceTree = "<group>"; };
		47752C9017818C08000B4F24 /* GoToLibraryHeaderView.xib */ = {isa = PBXFileReference; fileEncoding = 4; lastKnownFileType = file.xib; path = GoToLibraryHeaderView.xib; sourceTree = "<group>"; };
		47752C9117818C08000B4F24 /* Song.h */ = {isa = PBXFileReference; fileEncoding = 4; lastKnownFileType = sourcecode.c.h; path = Song.h; sourceTree = "<group>"; };
		47752C9217818C08000B4F24 /* Song.m */ = {isa = PBXFileReference; fileEncoding = 4; lastKnownFileType = sourcecode.c.objc; path = Song.m; sourceTree = "<group>"; };
		47752C9317818C08000B4F24 /* SongCell.h */ = {isa = PBXFileReference; fileEncoding = 4; lastKnownFileType = sourcecode.c.h; path = SongCell.h; sourceTree = "<group>"; };
		47752C9417818C08000B4F24 /* SongCell.m */ = {isa = PBXFileReference; fileEncoding = 4; lastKnownFileType = sourcecode.c.objc; path = SongCell.m; sourceTree = "<group>"; };
		47752C9517818C08000B4F24 /* SongCell.xib */ = {isa = PBXFileReference; fileEncoding = 4; lastKnownFileType = file.xib; path = SongCell.xib; sourceTree = "<group>"; };
		47752C9617818C08000B4F24 /* TagFilterViewController.h */ = {isa = PBXFileReference; fileEncoding = 4; lastKnownFileType = sourcecode.c.h; path = TagFilterViewController.h; sourceTree = "<group>"; };
		47752C9717818C08000B4F24 /* TagFilterViewController.m */ = {isa = PBXFileReference; fileEncoding = 4; lastKnownFileType = sourcecode.c.objc; path = TagFilterViewController.m; sourceTree = "<group>"; };
		47752C9817818C08000B4F24 /* TagFilterViewController.xib */ = {isa = PBXFileReference; fileEncoding = 4; lastKnownFileType = file.xib; path = TagFilterViewController.xib; sourceTree = "<group>"; };
		47752CA417818C1E000B4F24 /* NearestSongMapListViewController.xib */ = {isa = PBXFileReference; fileEncoding = 4; lastKnownFileType = file.xib; path = NearestSongMapListViewController.xib; sourceTree = "<group>"; };
		47752CA717818C57000B4F24 /* likes.png */ = {isa = PBXFileReference; lastKnownFileType = image.png; path = likes.png; sourceTree = "<group>"; };
		47752CA817818C57000B4F24 /* play.png */ = {isa = PBXFileReference; lastKnownFileType = image.png; path = play.png; sourceTree = "<group>"; };
		47752CA917818C57000B4F24 /* sample.jpg */ = {isa = PBXFileReference; lastKnownFileType = image.jpeg; path = sample.jpg; sourceTree = "<group>"; };
		47752CAA17818C57000B4F24 /* soundcloud.jpg */ = {isa = PBXFileReference; lastKnownFileType = image.jpeg; path = soundcloud.jpg; sourceTree = "<group>"; };
		47752CAB17818C57000B4F24 /* soundcloud.png */ = {isa = PBXFileReference; lastKnownFileType = image.png; path = soundcloud.png; sourceTree = "<group>"; };
		47752CB61781B521000B4F24 /* AVFoundation.framework */ = {isa = PBXFileReference; lastKnownFileType = wrapper.framework; name = AVFoundation.framework; path = System/Library/Frameworks/AVFoundation.framework; sourceTree = SDKROOT; };
		47DF9B2B177C9D7A00FBC5C3 /* JSONKit.xcodeproj */ = {isa = PBXFileReference; lastKnownFileType = "wrapper.pb-project"; name = JSONKit.xcodeproj; path = ../JSONKit/JSONKit.xcodeproj; sourceTree = "<group>"; };
		47DF9B34177C9D8200FBC5C3 /* SoundCloudUI.xcodeproj */ = {isa = PBXFileReference; lastKnownFileType = "wrapper.pb-project"; name = SoundCloudUI.xcodeproj; path = ../CocoaSoundCloudUI/SoundCloudUI.xcodeproj; sourceTree = "<group>"; };
		47DF9B3D177C9D8A00FBC5C3 /* SoundCloudAPI.xcodeproj */ = {isa = PBXFileReference; lastKnownFileType = "wrapper.pb-project"; name = SoundCloudAPI.xcodeproj; path = ../CocoaSoundCloudAPI/SoundCloudAPI.xcodeproj; sourceTree = "<group>"; };
		47DF9B46177C9D9300FBC5C3 /* OAuth2Client.xcodeproj */ = {isa = PBXFileReference; lastKnownFileType = "wrapper.pb-project"; name = OAuth2Client.xcodeproj; path = ../OAuth2Client/OAuth2Client.xcodeproj; sourceTree = "<group>"; };
		47DF9B4F177C9D9D00FBC5C3 /* OHAttributedLabel.xcodeproj */ = {isa = PBXFileReference; lastKnownFileType = "wrapper.pb-project"; name = OHAttributedLabel.xcodeproj; path = ../OHAttributedLabel/OHAttributedLabel.xcodeproj; sourceTree = "<group>"; };
		47DF9B64177C9FA100FBC5C3 /* SoundCloud.bundle */ = {isa = PBXFileReference; lastKnownFileType = "wrapper.plug-in"; path = SoundCloud.bundle; sourceTree = "<group>"; };
		84D1F2801781A9EE0031D50E /* tags.txt */ = {isa = PBXFileReference; fileEncoding = 4; lastKnownFileType = text; path = tags.txt; sourceTree = "<group>"; };
/* End PBXFileReference section */

/* Begin PBXFrameworksBuildPhase section */
		47079953177C943F0098B2F8 /* Frameworks */ = {
			isa = PBXFrameworksBuildPhase;
			buildActionMask = 2147483647;
			files = (
				47DF9B5F177C9DF000FBC5C3 /* libJSONKit.a in Frameworks */,
				47DF9B60177C9DF000FBC5C3 /* libOAuth2Client.a in Frameworks */,
				47DF9B61177C9DF000FBC5C3 /* libOHAttributedLabel.a in Frameworks */,
				47DF9B62177C9DF000FBC5C3 /* libSoundCloudAPI.a in Frameworks */,
				47DF9B63177C9DF000FBC5C3 /* libSoundCloudUI.a in Frameworks */,
				470799B7177C965E0098B2F8 /* AddressBook.framework in Frameworks */,
				470799B8177C965E0098B2F8 /* AddressBookUI.framework in Frameworks */,
				47752CB71781B521000B4F24 /* AVFoundation.framework in Frameworks */,
				4707995E177C943F0098B2F8 /* CoreGraphics.framework in Frameworks */,
				470799BA177C96680098B2F8 /* CoreLocation.framework in Frameworks */,
				470799BC177C966F0098B2F8 /* CoreText.framework in Frameworks */,
				470799BE177C96770098B2F8 /* QuartzCore.framework in Frameworks */,
				470799C0177C967D0098B2F8 /* Security.framework in Frameworks */,
				4707995A177C943F0098B2F8 /* UIKit.framework in Frameworks */,
				4707995C177C943F0098B2F8 /* Foundation.framework in Frameworks */,
			);
			runOnlyForDeploymentPostprocessing = 0;
		};
/* End PBXFrameworksBuildPhase section */

/* Begin PBXGroup section */
		4707994D177C943F0098B2F8 = {
			isa = PBXGroup;
			children = (
				47DF9B64177C9FA100FBC5C3 /* SoundCloud.bundle */,
				47DF9B4F177C9D9D00FBC5C3 /* OHAttributedLabel.xcodeproj */,
				47DF9B46177C9D9300FBC5C3 /* OAuth2Client.xcodeproj */,
				47DF9B3D177C9D8A00FBC5C3 /* SoundCloudAPI.xcodeproj */,
				47DF9B34177C9D8200FBC5C3 /* SoundCloudUI.xcodeproj */,
				47DF9B2B177C9D7A00FBC5C3 /* JSONKit.xcodeproj */,
				4707995F177C943F0098B2F8 /* geomelody */,
				47752CA617818C57000B4F24 /* images */,
				47079958177C943F0098B2F8 /* Frameworks */,
				47079957177C943F0098B2F8 /* Products */,
			);
			sourceTree = "<group>";
		};
		47079957177C943F0098B2F8 /* Products */ = {
			isa = PBXGroup;
			children = (
				47079956177C943F0098B2F8 /* geomelody.app */,
			);
			name = Products;
			sourceTree = "<group>";
		};
		47079958177C943F0098B2F8 /* Frameworks */ = {
			isa = PBXGroup;
			children = (
				47752CB61781B521000B4F24 /* AVFoundation.framework */,
				470799BF177C967D0098B2F8 /* Security.framework */,
				470799BD177C96770098B2F8 /* QuartzCore.framework */,
				470799BB177C966F0098B2F8 /* CoreText.framework */,
				470799B9177C96680098B2F8 /* CoreLocation.framework */,
				470799B5177C965E0098B2F8 /* AddressBook.framework */,
				470799B6177C965E0098B2F8 /* AddressBookUI.framework */,
				47079959177C943F0098B2F8 /* UIKit.framework */,
				4707995B177C943F0098B2F8 /* Foundation.framework */,
				4707995D177C943F0098B2F8 /* CoreGraphics.framework */,
			);
			name = Frameworks;
			sourceTree = "<group>";
		};
		4707995F177C943F0098B2F8 /* geomelody */ = {
			isa = PBXGroup;
			children = (
				84D1F2801781A9EE0031D50E /* tags.txt */,
				47079968177C94400098B2F8 /* AppDelegate.h */,
				47079969177C94400098B2F8 /* AppDelegate.m */,
				47752C8E17818C08000B4F24 /* GoToLibraryHeaderView.h */,
				47752C8F17818C08000B4F24 /* GoToLibraryHeaderView.m */,
				47752C9017818C08000B4F24 /* GoToLibraryHeaderView.xib */,
				47752C9117818C08000B4F24 /* Song.h */,
				47752C9217818C08000B4F24 /* Song.m */,
				47752C9317818C08000B4F24 /* SongCell.h */,
				47752C9417818C08000B4F24 /* SongCell.m */,
				47752C9517818C08000B4F24 /* SongCell.xib */,
				47752C9617818C08000B4F24 /* TagFilterViewController.h */,
				47752C9717818C08000B4F24 /* TagFilterViewController.m */,
				47752C9817818C08000B4F24 /* TagFilterViewController.xib */,
				47079971177C94400098B2F8 /* NearestSongMapListViewController.h */,
				47079972177C94400098B2F8 /* NearestSongMapListViewController.m */,
				47752CA417818C1E000B4F24 /* NearestSongMapListViewController.xib */,
				47079974177C94400098B2F8 /* PlayerViewController.h */,
				47079975177C94400098B2F8 /* PlayerViewController.m */,
				4707997A177C94400098B2F8 /* PlayerViewController.xib */,
				47079960177C943F0098B2F8 /* Supporting Files */,
			);
			path = geomelody;
			sourceTree = "<group>";
		};
		47079960177C943F0098B2F8 /* Supporting Files */ = {
			isa = PBXGroup;
			children = (
				47079961177C943F0098B2F8 /* geomelody-Info.plist */,
				47079962177C943F0098B2F8 /* InfoPlist.strings */,
				47079965177C943F0098B2F8 /* main.m */,
				47079967177C94400098B2F8 /* geomelody-Prefix.pch */,
				4707996B177C94400098B2F8 /* Default.png */,
				4707996D177C94400098B2F8 /* Default@2x.png */,
				4707996F177C94400098B2F8 /* Default-568h@2x.png */,
			);
			name = "Supporting Files";
			sourceTree = "<group>";
		};
		47752CA617818C57000B4F24 /* images */ = {
			isa = PBXGroup;
			children = (
				47752CA717818C57000B4F24 /* likes.png */,
				47752CA817818C57000B4F24 /* play.png */,
				47752CA917818C57000B4F24 /* sample.jpg */,
				47752CAA17818C57000B4F24 /* soundcloud.jpg */,
				47752CAB17818C57000B4F24 /* soundcloud.png */,
			);
			path = images;
			sourceTree = "<group>";
		};
		47DF9B2C177C9D7A00FBC5C3 /* Products */ = {
			isa = PBXGroup;
			children = (
				47DF9B31177C9D7B00FBC5C3 /* libJSONKit.a */,
				47DF9B33177C9D7B00FBC5C3 /* JSONKit.framework */,
			);
			name = Products;
			sourceTree = "<group>";
		};
		47DF9B35177C9D8200FBC5C3 /* Products */ = {
			isa = PBXGroup;
			children = (
				47DF9B3A177C9D8200FBC5C3 /* libSoundCloudUI.a */,
				47DF9B3C177C9D8200FBC5C3 /* SoundCloudUI.framework */,
			);
			name = Products;
			sourceTree = "<group>";
		};
		47DF9B3E177C9D8A00FBC5C3 /* Products */ = {
			isa = PBXGroup;
			children = (
				47DF9B43177C9D8B00FBC5C3 /* SoundCloudAPI.framework */,
				47DF9B45177C9D8B00FBC5C3 /* libSoundCloudAPI.a */,
			);
			name = Products;
			sourceTree = "<group>";
		};
		47DF9B47177C9D9300FBC5C3 /* Products */ = {
			isa = PBXGroup;
			children = (
				47DF9B4C177C9D9400FBC5C3 /* OAuth2Client.framework */,
				47DF9B4E177C9D9400FBC5C3 /* libOAuth2Client.a */,
			);
			name = Products;
			sourceTree = "<group>";
		};
		47DF9B50177C9D9D00FBC5C3 /* Products */ = {
			isa = PBXGroup;
			children = (
				47DF9B54177C9D9D00FBC5C3 /* libOHAttributedLabel.a */,
			);
			name = Products;
			sourceTree = "<group>";
		};
/* End PBXGroup section */

/* Begin PBXNativeTarget section */
		47079955177C943F0098B2F8 /* geomelody */ = {
			isa = PBXNativeTarget;
			buildConfigurationList = 4707997F177C94400098B2F8 /* Build configuration list for PBXNativeTarget "geomelody" */;
			buildPhases = (
				47079952177C943F0098B2F8 /* Sources */,
				47079953177C943F0098B2F8 /* Frameworks */,
				47079954177C943F0098B2F8 /* Resources */,
			);
			buildRules = (
			);
			dependencies = (
				47DF9B56177C9DB300FBC5C3 /* PBXTargetDependency */,
				47DF9B58177C9DB300FBC5C3 /* PBXTargetDependency */,
				47DF9B5E177C9DB300FBC5C3 /* PBXTargetDependency */,
				47DF9B5A177C9DB300FBC5C3 /* PBXTargetDependency */,
				47DF9B5C177C9DB300FBC5C3 /* PBXTargetDependency */,
			);
			name = geomelody;
			productName = geomelody;
			productReference = 47079956177C943F0098B2F8 /* geomelody.app */;
			productType = "com.apple.product-type.application";
		};
/* End PBXNativeTarget section */

/* Begin PBXProject section */
		4707994E177C943F0098B2F8 /* Project object */ = {
			isa = PBXProject;
			attributes = {
				LastUpgradeCheck = 0460;
				ORGANIZATIONNAME = "Martin Steinegger";
			};
			buildConfigurationList = 47079951177C943F0098B2F8 /* Build configuration list for PBXProject "geomelody" */;
			compatibilityVersion = "Xcode 3.2";
			developmentRegion = English;
			hasScannedForEncodings = 0;
			knownRegions = (
				en,
			);
			mainGroup = 4707994D177C943F0098B2F8;
			productRefGroup = 47079957177C943F0098B2F8 /* Products */;
			projectDirPath = "";
			projectReferences = (
				{
					ProductGroup = 47DF9B2C177C9D7A00FBC5C3 /* Products */;
					ProjectRef = 47DF9B2B177C9D7A00FBC5C3 /* JSONKit.xcodeproj */;
				},
				{
					ProductGroup = 47DF9B47177C9D9300FBC5C3 /* Products */;
					ProjectRef = 47DF9B46177C9D9300FBC5C3 /* OAuth2Client.xcodeproj */;
				},
				{
					ProductGroup = 47DF9B50177C9D9D00FBC5C3 /* Products */;
					ProjectRef = 47DF9B4F177C9D9D00FBC5C3 /* OHAttributedLabel.xcodeproj */;
				},
				{
					ProductGroup = 47DF9B3E177C9D8A00FBC5C3 /* Products */;
					ProjectRef = 47DF9B3D177C9D8A00FBC5C3 /* SoundCloudAPI.xcodeproj */;
				},
				{
					ProductGroup = 47DF9B35177C9D8200FBC5C3 /* Products */;
					ProjectRef = 47DF9B34177C9D8200FBC5C3 /* SoundCloudUI.xcodeproj */;
				},
			);
			projectRoot = "";
			targets = (
				47079955177C943F0098B2F8 /* geomelody */,
			);
		};
/* End PBXProject section */

/* Begin PBXReferenceProxy section */
		47DF9B31177C9D7B00FBC5C3 /* libJSONKit.a */ = {
			isa = PBXReferenceProxy;
			fileType = archive.ar;
			path = libJSONKit.a;
			remoteRef = 47DF9B30177C9D7B00FBC5C3 /* PBXContainerItemProxy */;
			sourceTree = BUILT_PRODUCTS_DIR;
		};
		47DF9B33177C9D7B00FBC5C3 /* JSONKit.framework */ = {
			isa = PBXReferenceProxy;
			fileType = wrapper.framework;
			path = JSONKit.framework;
			remoteRef = 47DF9B32177C9D7B00FBC5C3 /* PBXContainerItemProxy */;
			sourceTree = BUILT_PRODUCTS_DIR;
		};
		47DF9B3A177C9D8200FBC5C3 /* libSoundCloudUI.a */ = {
			isa = PBXReferenceProxy;
			fileType = archive.ar;
			path = libSoundCloudUI.a;
			remoteRef = 47DF9B39177C9D8200FBC5C3 /* PBXContainerItemProxy */;
			sourceTree = BUILT_PRODUCTS_DIR;
		};
		47DF9B3C177C9D8200FBC5C3 /* SoundCloudUI.framework */ = {
			isa = PBXReferenceProxy;
			fileType = wrapper.framework;
			path = SoundCloudUI.framework;
			remoteRef = 47DF9B3B177C9D8200FBC5C3 /* PBXContainerItemProxy */;
			sourceTree = BUILT_PRODUCTS_DIR;
		};
		47DF9B43177C9D8B00FBC5C3 /* SoundCloudAPI.framework */ = {
			isa = PBXReferenceProxy;
			fileType = wrapper.framework;
			path = SoundCloudAPI.framework;
			remoteRef = 47DF9B42177C9D8B00FBC5C3 /* PBXContainerItemProxy */;
			sourceTree = BUILT_PRODUCTS_DIR;
		};
		47DF9B45177C9D8B00FBC5C3 /* libSoundCloudAPI.a */ = {
			isa = PBXReferenceProxy;
			fileType = archive.ar;
			path = libSoundCloudAPI.a;
			remoteRef = 47DF9B44177C9D8B00FBC5C3 /* PBXContainerItemProxy */;
			sourceTree = BUILT_PRODUCTS_DIR;
		};
		47DF9B4C177C9D9400FBC5C3 /* OAuth2Client.framework */ = {
			isa = PBXReferenceProxy;
			fileType = wrapper.framework;
			path = OAuth2Client.framework;
			remoteRef = 47DF9B4B177C9D9400FBC5C3 /* PBXContainerItemProxy */;
			sourceTree = BUILT_PRODUCTS_DIR;
		};
		47DF9B4E177C9D9400FBC5C3 /* libOAuth2Client.a */ = {
			isa = PBXReferenceProxy;
			fileType = archive.ar;
			path = libOAuth2Client.a;
			remoteRef = 47DF9B4D177C9D9400FBC5C3 /* PBXContainerItemProxy */;
			sourceTree = BUILT_PRODUCTS_DIR;
		};
		47DF9B54177C9D9D00FBC5C3 /* libOHAttributedLabel.a */ = {
			isa = PBXReferenceProxy;
			fileType = archive.ar;
			path = libOHAttributedLabel.a;
			remoteRef = 47DF9B53177C9D9D00FBC5C3 /* PBXContainerItemProxy */;
			sourceTree = BUILT_PRODUCTS_DIR;
		};
/* End PBXReferenceProxy section */

/* Begin PBXResourcesBuildPhase section */
		47079954177C943F0098B2F8 /* Resources */ = {
			isa = PBXResourcesBuildPhase;
			buildActionMask = 2147483647;
			files = (
				47079964177C943F0098B2F8 /* InfoPlist.strings in Resources */,
				4707996C177C94400098B2F8 /* Default.png in Resources */,
				4707996E177C94400098B2F8 /* Default@2x.png in Resources */,
				47079970177C94400098B2F8 /* Default-568h@2x.png in Resources */,
				4707997C177C94400098B2F8 /* PlayerViewController.xib in Resources */,
				47DF9B65177C9FA100FBC5C3 /* SoundCloud.bundle in Resources */,
				47752C9A17818C08000B4F24 /* GoToLibraryHeaderView.xib in Resources */,
				47752C9D17818C08000B4F24 /* SongCell.xib in Resources */,
				47752C9F17818C08000B4F24 /* TagFilterViewController.xib in Resources */,
				47752CA517818C1E000B4F24 /* NearestSongMapListViewController.xib in Resources */,
				47752CAC17818C57000B4F24 /* likes.png in Resources */,
				47752CAD17818C57000B4F24 /* play.png in Resources */,
				47752CAE17818C57000B4F24 /* sample.jpg in Resources */,
				47752CAF17818C57000B4F24 /* soundcloud.jpg in Resources */,
				47752CB017818C57000B4F24 /* soundcloud.png in Resources */,
				84D1F2811781A9EE0031D50E /* tags.txt in Resources */,
			);
			runOnlyForDeploymentPostprocessing = 0;
		};
/* End PBXResourcesBuildPhase section */

/* Begin PBXSourcesBuildPhase section */
		47079952177C943F0098B2F8 /* Sources */ = {
			isa = PBXSourcesBuildPhase;
			buildActionMask = 2147483647;
			files = (
				47079966177C943F0098B2F8 /* main.m in Sources */,
				4707996A177C94400098B2F8 /* AppDelegate.m in Sources */,
				47079973177C94400098B2F8 /* NearestSongMapListViewController.m in Sources */,
				47079976177C94400098B2F8 /* PlayerViewController.m in Sources */,
				47752C9917818C08000B4F24 /* GoToLibraryHeaderView.m in Sources */,
				47752C9B17818C08000B4F24 /* Song.m in Sources */,
				47752C9C17818C08000B4F24 /* SongCell.m in Sources */,
				47752C9E17818C08000B4F24 /* TagFilterViewController.m in Sources */,
			);
			runOnlyForDeploymentPostprocessing = 0;
		};
/* End PBXSourcesBuildPhase section */

/* Begin PBXTargetDependency section */
		47DF9B56177C9DB300FBC5C3 /* PBXTargetDependency */ = {
			isa = PBXTargetDependency;
			name = libSoundCloudUI;
			targetProxy = 47DF9B55177C9DB300FBC5C3 /* PBXContainerItemProxy */;
		};
		47DF9B58177C9DB300FBC5C3 /* PBXTargetDependency */ = {
			isa = PBXTargetDependency;
			name = OAuth2Client;
			targetProxy = 47DF9B57177C9DB300FBC5C3 /* PBXContainerItemProxy */;
		};
		47DF9B5A177C9DB300FBC5C3 /* PBXTargetDependency */ = {
			isa = PBXTargetDependency;
			name = OHAttributedLabel;
			targetProxy = 47DF9B59177C9DB300FBC5C3 /* PBXContainerItemProxy */;
		};
		47DF9B5C177C9DB300FBC5C3 /* PBXTargetDependency */ = {
			isa = PBXTargetDependency;
			name = SoundCloudAPI;
			targetProxy = 47DF9B5B177C9DB300FBC5C3 /* PBXContainerItemProxy */;
		};
		47DF9B5E177C9DB300FBC5C3 /* PBXTargetDependency */ = {
			isa = PBXTargetDependency;
			name = libJSONKit;
			targetProxy = 47DF9B5D177C9DB300FBC5C3 /* PBXContainerItemProxy */;
		};
/* End PBXTargetDependency section */

/* Begin PBXVariantGroup section */
		47079962177C943F0098B2F8 /* InfoPlist.strings */ = {
			isa = PBXVariantGroup;
			children = (
				47079963177C943F0098B2F8 /* en */,
			);
			name = InfoPlist.strings;
			sourceTree = "<group>";
		};
		4707997A177C94400098B2F8 /* PlayerViewController.xib */ = {
			isa = PBXVariantGroup;
			children = (
				4707997B177C94400098B2F8 /* en */,
			);
			name = PlayerViewController.xib;
			sourceTree = "<group>";
		};
/* End PBXVariantGroup section */

/* Begin XCBuildConfiguration section */
		4707997D177C94400098B2F8 /* Debug */ = {
			isa = XCBuildConfiguration;
			buildSettings = {
				ALWAYS_SEARCH_USER_PATHS = NO;
				CLANG_CXX_LANGUAGE_STANDARD = "gnu++0x";
				CLANG_CXX_LIBRARY = "libc++";
				CLANG_ENABLE_OBJC_ARC = YES;
				CLANG_WARN_CONSTANT_CONVERSION = YES;
				CLANG_WARN_EMPTY_BODY = YES;
				CLANG_WARN_ENUM_CONVERSION = YES;
				CLANG_WARN_INT_CONVERSION = YES;
				CLANG_WARN__DUPLICATE_METHOD_MATCH = YES;
				"CODE_SIGN_IDENTITY[sdk=iphoneos*]" = "iPhone Developer";
				COPY_PHASE_STRIP = NO;
				GCC_C_LANGUAGE_STANDARD = gnu99;
				GCC_DYNAMIC_NO_PIC = NO;
				GCC_OPTIMIZATION_LEVEL = 0;
				GCC_PREPROCESSOR_DEFINITIONS = (
					"DEBUG=1",
					"$(inherited)",
				);
				GCC_SYMBOLS_PRIVATE_EXTERN = NO;
				GCC_WARN_ABOUT_RETURN_TYPE = YES;
				GCC_WARN_UNINITIALIZED_AUTOS = YES;
				GCC_WARN_UNUSED_VARIABLE = YES;
				IPHONEOS_DEPLOYMENT_TARGET = 6.1;
				ONLY_ACTIVE_ARCH = YES;
				SDKROOT = iphoneos;
			};
			name = Debug;
		};
		4707997E177C94400098B2F8 /* Release */ = {
			isa = XCBuildConfiguration;
			buildSettings = {
				ALWAYS_SEARCH_USER_PATHS = NO;
				CLANG_CXX_LANGUAGE_STANDARD = "gnu++0x";
				CLANG_CXX_LIBRARY = "libc++";
				CLANG_ENABLE_OBJC_ARC = YES;
				CLANG_WARN_CONSTANT_CONVERSION = YES;
				CLANG_WARN_EMPTY_BODY = YES;
				CLANG_WARN_ENUM_CONVERSION = YES;
				CLANG_WARN_INT_CONVERSION = YES;
				CLANG_WARN__DUPLICATE_METHOD_MATCH = YES;
				"CODE_SIGN_IDENTITY[sdk=iphoneos*]" = "iPhone Developer";
				COPY_PHASE_STRIP = YES;
				GCC_C_LANGUAGE_STANDARD = gnu99;
				GCC_WARN_ABOUT_RETURN_TYPE = YES;
				GCC_WARN_UNINITIALIZED_AUTOS = YES;
				GCC_WARN_UNUSED_VARIABLE = YES;
				IPHONEOS_DEPLOYMENT_TARGET = 6.1;
				OTHER_CFLAGS = "-DNS_BLOCK_ASSERTIONS=1";
				SDKROOT = iphoneos;
				VALIDATE_PRODUCT = YES;
			};
			name = Release;
		};
		47079980177C94400098B2F8 /* Debug */ = {
			isa = XCBuildConfiguration;
			buildSettings = {
				GCC_PRECOMPILE_PREFIX_HEADER = YES;
				GCC_PREFIX_HEADER = "geomelody/geomelody-Prefix.pch";
				HEADER_SEARCH_PATHS = "$PROJECT_DIR/../**";
				INFOPLIST_FILE = "geomelody/geomelody-Info.plist";
				OTHER_LDFLAGS = (
					"-all_load",
					"-ObjC",
				);
				PRODUCT_NAME = "$(TARGET_NAME)";
				WRAPPER_EXTENSION = app;
			};
			name = Debug;
		};
		47079981177C94400098B2F8 /* Release */ = {
			isa = XCBuildConfiguration;
			buildSettings = {
				GCC_PRECOMPILE_PREFIX_HEADER = YES;
				GCC_PREFIX_HEADER = "geomelody/geomelody-Prefix.pch";
				HEADER_SEARCH_PATHS = "$PROJECT_DIR/../**";
				INFOPLIST_FILE = "geomelody/geomelody-Info.plist";
				OTHER_LDFLAGS = (
					"-all_load",
					"-ObjC",
				);
				PRODUCT_NAME = "$(TARGET_NAME)";
				WRAPPER_EXTENSION = app;
			};
			name = Release;
		};
/* End XCBuildConfiguration section */

/* Begin XCConfigurationList section */
		47079951177C943F0098B2F8 /* Build configuration list for PBXProject "geomelody" */ = {
			isa = XCConfigurationList;
			buildConfigurations = (
				4707997D177C94400098B2F8 /* Debug */,
				4707997E177C94400098B2F8 /* Release */,
			);
			defaultConfigurationIsVisible = 0;
			defaultConfigurationName = Release;
		};
		4707997F177C94400098B2F8 /* Build configuration list for PBXNativeTarget "geomelody" */ = {
			isa = XCConfigurationList;
			buildConfigurations = (
				47079980177C94400098B2F8 /* Debug */,
				47079981177C94400098B2F8 /* Release */,
			);
			defaultConfigurationIsVisible = 0;
			defaultConfigurationName = Release;
		};
/* End XCConfigurationList section */
	};
	rootObject = 4707994E177C943F0098B2F8 /* Project object */;
}
